
Microsoft Visual Studio Solution File, Format Version 12.00
# Visual Studio 15
VisualStudioVersion = 15.0.28010.2026
MinimumVisualStudioVersion = 10.0.40219.1
Project("{F184B08F-C81C-45F6-A57F-5ABD9991F28F}") = "array", "array\array.vbproj", "{EB4EA891-0A6C-49B8-8227-C706A2367778}"
EndProject
Global
	GlobalSection(SolutionConfigurationPlatforms) = preSolution
		Debug|Any CPU = Debug|Any CPU
		Release|Any CPU = Release|Any CPU
	EndGlobalSection
	GlobalSection(ProjectConfigurationPlatforms) = postSolution
		{EB4EA891-0A6C-49B8-8227-C706A2367778}.Debug|Any CPU.ActiveCfg = Debug|Any CPU
		{EB4EA891-0A6C-49B8-8227-C706A2367778}.Debug|Any CPU.Build.0 = Debug|Any CPU
		{EB4EA891-0A6C-49B8-8227-C706A2367778}.Release|Any CPU.ActiveCfg = Release|Any CPU
		{EB4EA891-0A6C-49B8-8227-C706A2367778}.Release|Any CPU.Build.0 = Release|Any CPU
	EndGlobalSection
	GlobalSection(SolutionProperties) = preSolution
		HideSolutionNode = FALSE
	EndGlobalSection
	GlobalSection(ExtensibilityGlobals) = postSolution
		SolutionGuid = {96C380B0-4824-4F21-BE39-E5B26A89C30E}
	EndGlobalSection
EndGlobal
